Microsoft Visual Studio Solution File, Format Version 12.00
# Visual Studio Version 16
VisualStudioVersion = 16.0.29613.14
MinimumVisualStudioVersion = 10.0.40219.1
Project("{9A19103F-16F7-4668-BE54-9A1E7A4F7556}") = "ExpertSystem", "ExpertSystem.csproj", "{85DD5F4D-3F06-4FF4-B469-DE244E8B0E87}"
EndProject
Project("{FAE04EC0-301F-11D3-BF4B-00C04F79EFBC}") = "Test(NUnit)", "..\Test(NUnit)\Test(NUnit).csproj", "{B3FBD1D3-2952-4B70-B383-276CD7B2C0D3}"
EndProject
Global
	GlobalSection(SolutionConfigurationPlatforms) = preSolution
		Debug|Any CPU = Debug|Any CPU
		Release|Any CPU = Release|Any CPU
	EndGlobalSection
	GlobalSection(ProjectConfigurationPlatforms) = postSolution
		{85DD5F4D-3F06-4FF4-B469-DE244E8B0E87}.Debug|Any CPU.ActiveCfg = Debug|Any CPU
		{85DD5F4D-3F06-4FF4-B469-DE244E8B0E87}.Debug|Any CPU.Build.0 = Debug|Any CPU
		{85DD5F4D-3F06-4FF4-B469-DE244E8B0E87}.Release|Any CPU.ActiveCfg = Release|Any CPU
		{85DD5F4D-3F06-4FF4-B469-DE244E8B0E87}.Release|Any CPU.Build.0 = Release|Any CPU
		{B3FBD1D3-2952-4B70-B383-276CD7B2C0D3}.Debug|Any CPU.ActiveCfg = Debug|Any CPU
		{B3FBD1D3-2952-4B70-B383-276CD7B2C0D3}.Debug|Any CPU.Build.0 = Debug|Any CPU
		{B3FBD1D3-2952-4B70-B383-276CD7B2C0D3}.Release|Any CPU.ActiveCfg = Release|Any CPU
		{B3FBD1D3-2952-4B70-B383-276CD7B2C0D3}.Release|Any CPU.Build.0 = Release|Any CPU
	EndGlobalSection
	GlobalSection(SolutionProperties) = preSolution
		HideSolutionNode = FALSE
	EndGlobalSection
	GlobalSection(ExtensibilityGlobals) = postSolution
		SolutionGuid = {3330AE7D-8857-4C25-986C-1E091E392FE0}
	EndGlobalSection
EndGlobal
